
Microsoft Visual Studio Solution File, Format Version 11.00
# Visual Studio 2010
Project("{8BC9CEB8-8B4A-11D0-8D11-00A0C91BC942}") = "Game_Snake", "Game_Snake\Game_Snake.vcxproj", "{F794900A-9307-4A35-8EAF-E85D79A9B699}"
EndProject
Global
	GlobalSection(SolutionConfigurationPlatforms) = preSolution
		Debug|Win32 = Debug|Win32
		Release|Win32 = Release|Win32
	EndGlobalSection
	GlobalSection(ProjectConfigurationPlatforms) = postSolution
		{F794900A-9307-4A35-8EAF-E85D79A9B699}.Debug|Win32.ActiveCfg = Debug|Win32
		{F794900A-9307-4A35-8EAF-E85D79A9B699}.Debug|Win32.Build.0 = Debug|Win32
		{F794900A-9307-4A35-8EAF-E85D79A9B699}.Release|Win32.ActiveCfg = Release|Win32
		{F794900A-9307-4A35-8EAF-E85D79A9B699}.Release|Win32.Build.0 = Release|Win32
	EndGlobalSection
	GlobalSection(SolutionProperties) = preSolution
		HideSolutionNode = FALSE
	EndGlobalSection
EndGlobal
